<?xml version="1.0" encoding="utf-8"?>
<Project ToolsVersion="4.0" xmlns="http://schemas.microsoft.com/developer/msbuild/2003">
  <ItemGroup>
    <Filter Include="소스 파일">
      <UniqueIdentifier>{4FC737F1-C7A5-4376-A066-2A32D752A2FF}</UniqueIdentifier>
      <Extensions>cpp;c;cc;cxx;c++;cppm;ixx;def;odl;idl;hpj;bat;asm;asmx</Extensions>
    </Filter>
    <Filter Include="헤더 파일">
      <UniqueIdentifier>{93995380-89BD-4b04-88EB-625FBE52EBFB}</UniqueIdentifier>
      <Extensions>h;hh;hpp;hxx;h++;hm;inl;inc;ipp;xsd</Extensions>
    </Filter>
    <Filter Include="리소스 파일">
      <UniqueIdentifier>{67DA6AB6-F800-4c08-8B7A-83BB121AAD01}</UniqueIdentifier>
      <Extensions>rc;ico;cur;bmp;dlg;rc2;rct;bin;rgs;gif;jpg;jpeg;jpe;resx;tiff;tif;png;wav;mfcribbon-ms</Extensions>
    </Filter>
    <Filter Include="Common">
      <UniqueIdentifier>{236aa3df-bccb-4824-85ee-a50fbab3bd1d}</UniqueIdentifier>
    </Filter>
    <Filter Include="Common\SCDirWatcher">
      <UniqueIdentifier>{512059e8-1dbd-429d-9da5-6cdea2b43898}</UniqueIdentifier>
    </Filter>
  </ItemGroup>
  <ItemGroup>
    <ClInclude Include="ASee.h">
      <Filter>헤더 파일</Filter>
    </ClInclude>
    <ClInclude Include="ASeeDlg.h">
      <Filter>헤더 파일</Filter>
    </ClInclude>
    <ClInclude Include="framework.h">
      <Filter>헤더 파일</Filter>
    </ClInclude>
    <ClInclude Include="targetver.h">
      <Filter>헤더 파일</Filter>
    </ClInclude>
    <ClInclude Include="Resource.h">
      <Filter>헤더 파일</Filter>
    </ClInclude>
    <ClInclude Include="pch.h">
      <Filter>헤더 파일</Filter>
    </ClInclude>
    <ClInclude Include="..\Common\colors.h">
      <Filter>Common</Filter>
    </ClInclude>
    <ClInclude Include="..\Common\Functions.h">
      <Filter>Common</Filter>
    </ClInclude>
    <ClInclude Include="..\Common\MemoryDC.h">
      <Filter>Common</Filter>
    </ClInclude>
    <ClInclude Include="..\Common\CDialog\SCImageDlg\SCImageDlg.h">
      <Filter>Common</Filter>
    </ClInclude>
    <ClInclude Include="..\Common\CStatic\SCStatic\SCStatic.h">
      <Filter>Common</Filter>
    </ClInclude>
    <ClInclude Include="..\Common\AutoFont.h">
      <Filter>Common</Filter>
    </ClInclude>
    <ClInclude Include="RoiInputDlg.h">
      <Filter>헤더 파일</Filter>
    </ClInclude>
    <ClInclude Include="..\Common\CDialog\SCShapeDlg\SCShapeDlg.h">
      <Filter>Common</Filter>
    </ClInclude>
    <ClInclude Include="..\Common\data_structure\SCParagraph\SCParagraph.h">
      <Filter>Common</Filter>
    </ClInclude>
    <ClInclude Include="..\Common\messagebox\Win32InputBox\Win32InputBox.h">
      <Filter>Common</Filter>
    </ClInclude>
    <ClInclude Include="..\Common\CDialog\SCThemeDlg\SCThemeDlg.h">
      <Filter>Common</Filter>
    </ClInclude>
    <ClInclude Include="..\Common\CButton\SCSystemButtons\SCSystemButtons.h">
      <Filter>Common</Filter>
    </ClInclude>
    <ClInclude Include="..\Common\CWnd\WndShadow\WndShadow.h">
      <Filter>Common</Filter>
    </ClInclude>
    <ClInclude Include="TitleDlg.h">
      <Filter>소스 파일</Filter>
    </ClInclude>
    <ClInclude Include="..\Common\CSliderCtrl\SCSliderCtrl\SCSliderCtrl.h">
      <Filter>Common</Filter>
    </ClInclude>
    <ClInclude Include="..\Common\file_system\SCDirWatcher\ReadDirectoryChangesPrivate.h">
      <Filter>Common\SCDirWatcher</Filter>
    </ClInclude>
    <ClInclude Include="..\Common\file_system\SCDirWatcher\SCDirWatcher.h">
      <Filter>Common\SCDirWatcher</Filter>
    </ClInclude>
    <ClInclude Include="..\Common\file_system\SCDirWatcher\ThreadSafeQueue.h">
      <Filter>Common\SCDirWatcher</Filter>
    </ClInclude>
    <ClInclude Include="..\Common\file_system\SCDirWatcher\ReadDirectoryChanges.h">
      <Filter>Common\SCDirWatcher</Filter>
    </ClInclude>
    <ClInclude Include="ZigzagColorDlg.h">
      <Filter>헤더 파일</Filter>
    </ClInclude>
    <ClInclude Include="..\Common\ThumbCtrl\SCThumbCtrl.h">
      <Filter>Common</Filter>
    </ClInclude>
    <ClInclude Include="..\Common\thread\thread_manager.h">
      <Filter>Common</Filter>
    </ClInclude>
    <ClInclude Include="..\Common\CEdit\SCEdit\SCEdit.h">
      <Filter>Common</Filter>
    </ClInclude>
    <ClInclude Include="..\Common\SCGdiplusBitmap.h">
      <Filter>Common</Filter>
    </ClInclude>
    <ClInclude Include="..\Common\CDialog\SCImage2dDlg\SCImage2dDlg.h">
      <Filter>Common</Filter>
    </ClInclude>
    <ClInclude Include="..\Common\directx\CSCD2Context\SCD2Context.h">
      <Filter>Common</Filter>
    </ClInclude>
    <ClInclude Include="..\Common\directx\CSCD2Image\SCD2Image.h">
      <Filter>Common</Filter>
    </ClInclude>
    <ClInclude Include="..\Common\system\CrashHandler\CrashHandler.h">
      <Filter>Common</Filter>
    </ClInclude>
    <ClInclude Include="..\LMM_Koino_service\LMMHost\tvnserver\CrashHandler.h">
      <Filter>Common</Filter>
    </ClInclude>
  </ItemGroup>
  <ItemGroup>
    <ClCompile Include="ASee.cpp">
      <Filter>소스 파일</Filter>
    </ClCompile>
    <ClCompile Include="ASeeDlg.cpp">
      <Filter>소스 파일</Filter>
    </ClCompile>
    <ClCompile Include="pch.cpp">
      <Filter>소스 파일</Filter>
    </ClCompile>
    <ClCompile Include="..\Common\colors.cpp">
      <Filter>Common</Filter>
    </ClCompile>
    <ClCompile Include="..\Common\Functions.cpp">
      <Filter>Common</Filter>
    </ClCompile>
    <ClCompile Include="..\Common\CDialog\SCImageDlg\SCImageDlg.cpp">
      <Filter>Common</Filter>
    </ClCompile>
    <ClCompile Include="..\Common\CStatic\SCStatic\SCStatic.cpp">
      <Filter>Common</Filter>
    </ClCompile>
    <ClCompile Include="..\Common\AutoFont.cpp">
      <Filter>Common</Filter>
    </ClCompile>
    <ClCompile Include="RoiInputDlg.cpp">
      <Filter>소스 파일</Filter>
    </ClCompile>
    <ClCompile Include="..\Common\CDialog\SCShapeDlg\SCShapeDlg.cpp">
      <Filter>Common</Filter>
    </ClCompile>
    <ClCompile Include="..\Common\data_structure\SCParagraph\SCParagraph.cpp">
      <Filter>Common</Filter>
    </ClCompile>
    <ClCompile Include="..\Common\messagebox\Win32InputBox\Win32InputBox.cpp">
      <Filter>Common</Filter>
    </ClCompile>
    <ClCompile Include="..\Common\CDialog\SCThemeDlg\SCThemeDlg.cpp">
      <Filter>Common</Filter>
    </ClCompile>
    <ClCompile Include="..\Common\CButton\SCSystemButtons\SCSystemButtons.cpp">
      <Filter>Common</Filter>
    </ClCompile>
    <ClCompile Include="..\Common\CWnd\WndShadow\WndShadow.cpp">
      <Filter>Common</Filter>
    </ClCompile>
    <ClCompile Include="TitleDlg.cpp">
      <Filter>소스 파일</Filter>
    </ClCompile>
    <ClCompile Include="..\Common\CSliderCtrl\SCSliderCtrl\SCSliderCtrl.cpp">
      <Filter>Common</Filter>
    </ClCompile>
    <ClCompile Include="..\Common\file_system\SCDirWatcher\SCDirWatcher.cpp">
      <Filter>Common\SCDirWatcher</Filter>
    </ClCompile>
    <ClCompile Include="..\Common\file_system\SCDirWatcher\ReadDirectoryChanges.cpp">
      <Filter>Common\SCDirWatcher</Filter>
    </ClCompile>
    <ClCompile Include="..\Common\file_system\SCDirWatcher\ReadDirectoryChangesPrivate.cpp">
      <Filter>Common\SCDirWatcher</Filter>
    </ClCompile>
    <ClCompile Include="ZigzagColorDlg.cpp">
      <Filter>소스 파일</Filter>
    </ClCompile>
    <ClCompile Include="..\Common\ThumbCtrl\SCThumbCtrl.cpp">
      <Filter>Common</Filter>
    </ClCompile>
    <ClCompile Include="..\Common\thread\thread_manager.cpp">
      <Filter>Common</Filter>
    </ClCompile>
    <ClCompile Include="..\Common\CEdit\SCEdit\SCEdit.cpp">
      <Filter>Common</Filter>
    </ClCompile>
    <ClCompile Include="..\Common\SCGdiplusBitmap.cpp">
      <Filter>Common</Filter>
    </ClCompile>
    <ClCompile Include="..\Common\CDialog\SCImage2dDlg\SCImage2dDlg.cpp">
      <Filter>Common</Filter>
    </ClCompile>
    <ClCompile Include="..\Common\directx\CSCD2Context\SCD2Context.cpp">
      <Filter>Common</Filter>
    </ClCompile>
    <ClCompile Include="..\Common\directx\CSCD2Image\SCD2Image.cpp">
      <Filter>Common</Filter>
    </ClCompile>
    <ClCompile Include="..\Common\system\CrashHandler\CrashHandler.cpp">
      <Filter>Common</Filter>
    </ClCompile>
    <ClCompile Include="..\LMM_Koino_service\LMMHost\tvnserver\CrashHandler.cpp">
      <Filter>Common</Filter>
    </ClCompile>
  </ItemGroup>
  <ItemGroup>
    <ResourceCompile Include="ASee.rc">
      <Filter>리소스 파일</Filter>
    </ResourceCompile>
  </ItemGroup>
  <ItemGroup>
    <None Include="res\ASee.rc2">
      <Filter>리소스 파일</Filter>
    </None>
    <None Include="res\images\dropper.cur">
      <Filter>리소스 파일</Filter>
    </None>
    <None Include="res\images\dropper_blue.cur">
      <Filter>리소스 파일</Filter>
    </None>
  </ItemGroup>
  <ItemGroup>
    <Image Include="res\ASee.ico">
      <Filter>리소스 파일</Filter>
    </Image>
  </ItemGroup>
  <ItemGroup>
    <Text Include="readme.txt" />
  </ItemGroup>
  <ItemGroup>
    <Media Include="res\sound\dick.wav">
      <Filter>리소스 파일</Filter>
    </Media>
    <Media Include="res\sound\ding_high.wav">
      <Filter>리소스 파일</Filter>
    </Media>
    <Media Include="res\sound\ding_low.wav">
      <Filter>리소스 파일</Filter>
    </Media>
    <Media Include="res\sound\diring.wav">
      <Filter>리소스 파일</Filter>
    </Media>
  </ItemGroup>
</Project>